
Microsoft Visual Studio Solution File, Format Version 12.00
# Visual Studio Version 16
VisualStudioVersion = 16.0.30114.105
MinimumVisualStudioVersion = 10.0.40219.1
Project("{FAE04EC0-301F-11D3-BF4B-00C04F79EFBC}") = "CNWeb", "CNWeb\CNWeb.csproj", "{53082162-F908-47D7-8370-A8E3D1191B8E}"
EndProject
Project("{FAE04EC0-301F-11D3-BF4B-00C04F79EFBC}") = "Model", "Model\Model.csproj", "{A06DE10A-3EB7-49DB-B556-822215593BAE}"
EndProject
Global
	GlobalSection(SolutionConfigurationPlatforms) = preSolution
		Debug|Any CPU = Debug|Any CPU
		Release|Any CPU = Release|Any CPU
	EndGlobalSection
	GlobalSection(ProjectConfigurationPlatforms) = postSolution
		{53082162-F908-47D7-8370-A8E3D1191B8E}.Debug|Any CPU.ActiveCfg = Debug|Any CPU
		{53082162-F908-47D7-8370-A8E3D1191B8E}.Debug|Any CPU.Build.0 = Debug|Any CPU
		{53082162-F908-47D7-8370-A8E3D1191B8E}.Release|Any CPU.ActiveCfg = Release|Any CPU
		{53082162-F908-47D7-8370-A8E3D1191B8E}.Release|Any CPU.Build.0 = Release|Any CPU
		{A06DE10A-3EB7-49DB-B556-822215593BAE}.Debug|Any CPU.ActiveCfg = Debug|Any CPU
		{A06DE10A-3EB7-49DB-B556-822215593BAE}.Debug|Any CPU.Build.0 = Debug|Any CPU
		{A06DE10A-3EB7-49DB-B556-822215593BAE}.Release|Any CPU.ActiveCfg = Release|Any CPU
		{A06DE10A-3EB7-49DB-B556-822215593BAE}.Release|Any CPU.Build.0 = Release|Any CPU
	EndGlobalSection
	GlobalSection(SolutionProperties) = preSolution
		HideSolutionNode = FALSE
	EndGlobalSection
	GlobalSection(ExtensibilityGlobals) = postSolution
		SolutionGuid = {3F3A4FEE-7DA3-4BD2-9086-01EB4748917F}
	EndGlobalSection
EndGlobal
